// !$*UTF8*$!
{
	archiveVersion = 1;
	classes = {
	};
	objectVersion = 51;
	objects = {

/* Begin PBXBuildFile section */
		9843CFD6457D2B75F31032AA /* Pods_MyRxSwiftDemo.framework in Frameworks */ = {isa = PBXBuildFile; fileRef = 1C509352FF87FCF15E89FEB0 /* Pods_MyRxSwiftDemo.framework */; };
		A01E8267253570360026D700 /* UMainVC.swift in Sources */ = {isa = PBXBuildFile; fileRef = A01E8266253570360026D700 /* UMainVC.swift */; };
		A01E826C253578460026D700 /* View2Controller.swift in Sources */ = {isa = PBXBuildFile; fileRef = A01E826B253578460026D700 /* View2Controller.swift */; };
		A01E827125359AC50026D700 /* View3Controller.swift in Sources */ = {isa = PBXBuildFile; fileRef = A01E827025359AC50026D700 /* View3Controller.swift */; };
		A01E82762535C1510026D700 /* View4Controller.swift in Sources */ = {isa = PBXBuildFile; fileRef = A01E82752535C1510026D700 /* View4Controller.swift */; };
		A0542B6825344969006CC369 /* AppDelegate.swift in Sources */ = {isa = PBXBuildFile; fileRef = A0542B6725344969006CC369 /* AppDelegate.swift */; };
		A0542B6C25344969006CC369 /* ViewController.swift in Sources */ = {isa = PBXBuildFile; fileRef = A0542B6B25344969006CC369 /* ViewController.swift */; };
		A0542B6F25344969006CC369 /* Main.storyboard in Resources */ = {isa = PBXBuildFile; fileRef = A0542B6D25344969006CC369 /* Main.storyboard */; };
		A0542B712534496A006CC369 /* Assets.xcassets in Resources */ = {isa = PBXBuildFile; fileRef = A0542B702534496A006CC369 /* Assets.xcassets */; };
		A0542B742534496A006CC369 /* LaunchScreen.storyboard in Resources */ = {isa = PBXBuildFile; fileRef = A0542B722534496A006CC369 /* LaunchScreen.storyboard */; };
		A0542B7F2534496A006CC369 /* MyRxSwiftDemoTests.swift in Sources */ = {isa = PBXBuildFile; fileRef = A0542B7E2534496A006CC369 /* MyRxSwiftDemoTests.swift */; };
		A0542B8A2534496A006CC369 /* MyRxSwiftDemoUITests.swift in Sources */ = {isa = PBXBuildFile; fileRef = A0542B892534496A006CC369 /* MyRxSwiftDemoUITests.swift */; };
/* End PBXBuildFile section */

/* Begin PBXContainerItemProxy section */
		A0542B7B2534496A006CC369 /* PBXContainerItemProxy */ = {
			isa = PBXContainerItemProxy;
			containerPortal = A0542B5C25344969006CC369 /* Project object */;
			proxyType = 1;
			remoteGlobalIDString = A0542B6325344969006CC369;
			remoteInfo = MyRxSwiftDemo;
		};
		A0542B862534496A006CC369 /* PBXContainerItemProxy */ = {
			isa = PBXContainerItemProxy;
			containerPortal = A0542B5C25344969006CC369 /* Project object */;
			proxyType = 1;
			remoteGlobalIDString = A0542B6325344969006CC369;
			remoteInfo = MyRxSwiftDemo;
		};
/* End PBXContainerItemProxy section */

/* Begin PBXFileReference section */
		1C509352FF87FCF15E89FEB0 /* Pods_MyRxSwiftDemo.framework */ = {isa = PBXFileReference; explicitFileType = wrapper.framework; includeInIndex = 0; path = Pods_MyRxSwiftDemo.framework; sourceTree = BUILT_PRODUCTS_DIR; };
		A01E8266253570360026D700 /* UMainVC.swift */ = {isa = PBXFileReference; lastKnownFileType = sourcecode.swift; path = UMainVC.swift; sourceTree = "<group>"; };
		A01E826B253578460026D700 /* View2Controller.swift */ = {isa = PBXFileReference; lastKnownFileType = sourcecode.swift; path = View2Controller.swift; sourceTree = "<group>"; };
		A01E827025359AC50026D700 /* View3Controller.swift */ = {isa = PBXFileReference; lastKnownFileType = sourcecode.swift; path = View3Controller.swift; sourceTree = "<group>"; };
		A01E82752535C1510026D700 /* View4Controller.swift */ = {isa = PBXFileReference; lastKnownFileType = sourcecode.swift; path = View4Controller.swift; sourceTree = "<group>"; };
		A0542B6425344969006CC369 /* MyRxSwiftDemo.app */ = {isa = PBXFileReference; explicitFileType = wrapper.application; includeInIndex = 0; path = MyRxSwiftDemo.app; sourceTree = BUILT_PRODUCTS_DIR; };
		A0542B6725344969006CC369 /* AppDelegate.swift */ = {isa = PBXFileReference; lastKnownFileType = sourcecode.swift; path = AppDelegate.swift; sourceTree = "<group>"; };
		A0542B6B25344969006CC369 /* ViewController.swift */ = {isa = PBXFileReference; lastKnownFileType = sourcecode.swift; path = ViewController.swift; sourceTree = "<group>"; };
		A0542B6E25344969006CC369 /* Base */ = {isa = PBXFileReference; lastKnownFileType = file.storyboard; name = Base; path = Base.lproj/Main.storyboard; sourceTree = "<group>"; };
		A0542B702534496A006CC369 /* Assets.xcassets */ = {isa = PBXFileReference; lastKnownFileType = folder.assetcatalog; path = Assets.xcassets; sourceTree = "<group>"; };
		A0542B732534496A006CC369 /* Base */ = {isa = PBXFileReference; lastKnownFileType = file.storyboard; name = Base; path = Base.lproj/LaunchScreen.storyboard; sourceTree = "<group>"; };
		A0542B752534496A006CC369 /* Info.plist */ = {isa = PBXFileReference; lastKnownFileType = text.plist.xml; path = Info.plist; sourceTree = "<group>"; };
		A0542B7A2534496A006CC369 /* MyRxSwiftDemoTests.xctest */ = {isa = PBXFileReference; explicitFileType = wrapper.cfbundle; includeInIndex = 0; path = MyRxSwiftDemoTests.xctest; sourceTree = BUILT_PRODUCTS_DIR; };
		A0542B7E2534496A006CC369 /* MyRxSwiftDemoTests.swift */ = {isa = PBXFileReference; lastKnownFileType = sourcecode.swift; path = MyRxSwiftDemoTests.swift; sourceTree = "<group>"; };
		A0542B802534496A006CC369 /* Info.plist */ = {isa = PBXFileReference; lastKnownFileType = text.plist.xml; path = Info.plist; sourceTree = "<group>"; };
		A0542B852534496A006CC369 /* MyRxSwiftDemoUITests.xctest */ = {isa = PBXFileReference; explicitFileType = wrapper.cfbundle; includeInIndex = 0; path = MyRxSwiftDemoUITests.xctest; sourceTree = BUILT_PRODUCTS_DIR; };
		A0542B892534496A006CC369 /* MyRxSwiftDemoUITests.swift */ = {isa = PBXFileReference; lastKnownFileType = sourcecode.swift; path = MyRxSwiftDemoUITests.swift; sourceTree = "<group>"; };
		A0542B8B2534496A006CC369 /* Info.plist */ = {isa = PBXFileReference; lastKnownFileType = text.plist.xml; path = Info.plist; sourceTree = "<group>"; };
		E8448C7077677AA2D94F9783 /* Pods-MyRxSwiftDemo.release.xcconfig */ = {isa = PBXFileReference; includeInIndex = 1; lastKnownFileType = text.xcconfig; name = "Pods-MyRxSwiftDemo.release.xcconfig"; path = "Target Support Files/Pods-MyRxSwiftDemo/Pods-MyRxSwiftDemo.release.xcconfig"; sourceTree = "<group>"; };
		F87FD545754D0799E153D444 /* Pods-MyRxSwiftDemo.debug.xcconfig */ = {isa = PBXFileReference; includeInIndex = 1; lastKnownFileType = text.xcconfig; name = "Pods-MyRxSwiftDemo.debug.xcconfig"; path = "Target Support Files/Pods-MyRxSwiftDemo/Pods-MyRxSwiftDemo.debug.xcconfig"; sourceTree = "<group>"; };
/* End PBXFileReference section */

/* Begin PBXFrameworksBuildPhase section */
		A0542B6125344969006CC369 /* Frameworks */ = {
			isa = PBXFrameworksBuildPhase;
			buildActionMask = 2147483647;
			files = (
				9843CFD6457D2B75F31032AA /* Pods_MyRxSwiftDemo.framework in Frameworks */,
			);
			runOnlyForDeploymentPostprocessing = 0;
		};
		A0542B772534496A006CC369 /* Frameworks */ = {
			isa = PBXFrameworksBuildPhase;
			buildActionMask = 2147483647;
			files = (
			);
			runOnlyForDeploymentPostprocessing = 0;
		};
		A0542B822534496A006CC369 /* Frameworks */ = {
			isa = PBXFrameworksBuildPhase;
			buildActionMask = 2147483647;
			files = (
			);
			runOnlyForDeploymentPostprocessing = 0;
		};
/* End PBXFrameworksBuildPhase section */

/* Begin PBXGroup section */
		08DCBE0220E7C71892F1EF9D /* Pods */ = {
			isa = PBXGroup;
			children = (
				F87FD545754D0799E153D444 /* Pods-MyRxSwiftDemo.debug.xcconfig */,
				E8448C7077677AA2D94F9783 /* Pods-MyRxSwiftDemo.release.xcconfig */,
			);
			path = Pods;
			sourceTree = "<group>";
		};
		A0542B5B25344969006CC369 = {
			isa = PBXGroup;
			children = (
				A0542B6625344969006CC369 /* MyRxSwiftDemo */,
				A0542B7D2534496A006CC369 /* MyRxSwiftDemoTests */,
				A0542B882534496A006CC369 /* MyRxSwiftDemoUITests */,
				A0542B6525344969006CC369 /* Products */,
				08DCBE0220E7C71892F1EF9D /* Pods */,
				B01627380E75A76708140D8A /* Frameworks */,
			);
			sourceTree = "<group>";
		};
		A0542B6525344969006CC369 /* Products */ = {
			isa = PBXGroup;
			children = (
				A0542B6425344969006CC369 /* MyRxSwiftDemo.app */,
				A0542B7A2534496A006CC369 /* MyRxSwiftDemoTests.xctest */,
				A0542B852534496A006CC369 /* MyRxSwiftDemoUITests.xctest */,
			);
			name = Products;
			sourceTree = "<group>";
		};
		A0542B6625344969006CC369 /* MyRxSwiftDemo */ = {
			isa = PBXGroup;
			children = (
				A0542B6725344969006CC369 /* AppDelegate.swift */,
				A0542B6B25344969006CC369 /* ViewController.swift */,
				A01E826B253578460026D700 /* View2Controller.swift */,
				A01E827025359AC50026D700 /* View3Controller.swift */,
				A01E82752535C1510026D700 /* View4Controller.swift */,
				A01E8266253570360026D700 /* UMainVC.swift */,
				A0542B6D25344969006CC369 /* Main.storyboard */,
				A0542B702534496A006CC369 /* Assets.xcassets */,
				A0542B722534496A006CC369 /* LaunchScreen.storyboard */,
				A0542B752534496A006CC369 /* Info.plist */,
			);
			path = MyRxSwiftDemo;
			sourceTree = "<group>";
		};
		A0542B7D2534496A006CC369 /* MyRxSwiftDemoTests */ = {
			isa = PBXGroup;
			children = (
				A0542B7E2534496A006CC369 /* MyRxSwiftDemoTests.swift */,
				A0542B802534496A006CC369 /* Info.plist */,
			);
			path = MyRxSwiftDemoTests;
			sourceTree = "<group>";
		};
		A0542B882534496A006CC369 /* MyRxSwiftDemoUITests */ = {
			isa = PBXGroup;
			children = (
				A0542B892534496A006CC369 /* MyRxSwiftDemoUITests.swift */,
				A0542B8B2534496A006CC369 /* Info.plist */,
			);
			path = MyRxSwiftDemoUITests;
			sourceTree = "<group>";
		};
		B01627380E75A76708140D8A /* Frameworks */ = {
			isa = PBXGroup;
			children = (
				1C509352FF87FCF15E89FEB0 /* Pods_MyRxSwiftDemo.framework */,
			);
			name = Frameworks;
			sourceTree = "<group>";
		};
/* End PBXGroup section */

/* Begin PBXNativeTarget section */
		A0542B6325344969006CC369 /* MyRxSwiftDemo */ = {
			isa = PBXNativeTarget;
			buildConfigurationList = A0542B8E2534496A006CC369 /* Build configuration list for PBXNativeTarget "MyRxSwiftDemo" */;
			buildPhases = (
				779524B4C753D9DC82FA1A2D /* [CP] Check Pods Manifest.lock */,
				A0542B6025344969006CC369 /* Sources */,
				A0542B6125344969006CC369 /* Frameworks */,
				A0542B6225344969006CC369 /* Resources */,
				F1C216028BFDD6F7CBBA2C57 /* [CP] Embed Pods Frameworks */,
			);
			buildRules = (
			);
			dependencies = (
			);
			name = MyRxSwiftDemo;
			productName = MyRxSwiftDemo;
			productReference = A0542B6425344969006CC369 /* MyRxSwiftDemo.app */;
			productType = "com.apple.product-type.application";
		};
		A0542B792534496A006CC369 /* MyRxSwiftDemoTests */ = {
			isa = PBXNativeTarget;
			buildConfigurationList = A0542B912534496A006CC369 /* Build configuration list for PBXNativeTarget "MyRxSwiftDemoTests" */;
			buildPhases = (
				A0542B762534496A006CC369 /* Sources */,
				A0542B772534496A006CC369 /* Frameworks */,
				A0542B782534496A006CC369 /* Resources */,
			);
			buildRules = (
			);
			dependencies = (
				A0542B7C2534496A006CC369 /* PBXTargetDependency */,
			);
			name = MyRxSwiftDemoTests;
			productName = MyRxSwiftDemoTests;
			productReference = A0542B7A2534496A006CC369 /* MyRxSwiftDemoTests.xctest */;
			productType = "com.apple.product-type.bundle.unit-test";
		};
		A0542B842534496A006CC369 /* MyRxSwiftDemoUITests */ = {
			isa = PBXNativeTarget;
			buildConfigurationList = A0542B942534496A006CC369 /* Build configuration list for PBXNativeTarget "MyRxSwiftDemoUITests" */;
			buildPhases = (
				A0542B812534496A006CC369 /* Sources */,
				A0542B822534496A006CC369 /* Frameworks */,
				A0542B832534496A006CC369 /* Resources */,
			);
			buildRules = (
			);
			dependencies = (
				A0542B872534496A006CC369 /* PBXTargetDependency */,
			);
			name = MyRxSwiftDemoUITests;
			productName = MyRxSwiftDemoUITests;
			productReference = A0542B852534496A006CC369 /* MyRxSwiftDemoUITests.xctest */;
			productType = "com.apple.product-type.bundle.ui-testing";
		};
/* End PBXNativeTarget section */

/* Begin PBXProject section */
		A0542B5C25344969006CC369 /* Project object */ = {
			isa = PBXProject;
			attributes = {
				LastSwiftUpdateCheck = 1200;
				LastUpgradeCheck = 1200;
				TargetAttributes = {
					A0542B6325344969006CC369 = {
						CreatedOnToolsVersion = 12.0.1;
					};
					A0542B792534496A006CC369 = {
						CreatedOnToolsVersion = 12.0.1;
						TestTargetID = A0542B6325344969006CC369;
					};
					A0542B842534496A006CC369 = {
						CreatedOnToolsVersion = 12.0.1;
						TestTargetID = A0542B6325344969006CC369;
					};
				};
			};
			buildConfigurationList = A0542B5F25344969006CC369 /* Build configuration list for PBXProject "MyRxSwiftDemo" */;
			compatibilityVersion = "Xcode 9.3";
			developmentRegion = en;
			hasScannedForEncodings = 0;
			knownRegions = (
				en,
				Base,
			);
			mainGroup = A0542B5B25344969006CC369;
			productRefGroup = A0542B6525344969006CC369 /* Products */;
			projectDirPath = "";
			projectRoot = "";
			targets = (
				A0542B6325344969006CC369 /* MyRxSwiftDemo */,
				A0542B792534496A006CC369 /* MyRxSwiftDemoTests */,
				A0542B842534496A006CC369 /* MyRxSwiftDemoUITests */,
			);
		};
/* End PBXProject section */

/* Begin PBXResourcesBuildPhase section */
		A0542B6225344969006CC369 /* Resources */ = {
			isa = PBXResourcesBuildPhase;
			buildActionMask = 2147483647;
			files = (
				A0542B742534496A006CC369 /* LaunchScreen.storyboard in Resources */,
				A0542B712534496A006CC369 /* Assets.xcassets in Resources */,
				A0542B6F25344969006CC369 /* Main.storyboard in Resources */,
			);
			runOnlyForDeploymentPostprocessing = 0;
		};
		A0542B782534496A006CC369 /* Resources */ = {
			isa = PBXResourcesBuildPhase;
			buildActionMask = 2147483647;
			files = (
			);
			runOnlyForDeploymentPostprocessing = 0;
		};
		A0542B832534496A006CC369 /* Resources */ = {
			isa = PBXResourcesBuildPhase;
			buildActionMask = 2147483647;
			files = (
			);
			runOnlyForDeploymentPostprocessing = 0;
		};
/* End PBXResourcesBuildPhase section */

/* Begin PBXShellScriptBuildPhase section */
		779524B4C753D9DC82FA1A2D /* [CP] Check Pods Manifest.lock */ = {
			isa = PBXShellScriptBuildPhase;
			buildActionMask = 2147483647;
			files = (
			);
			inputFileListPaths = (
			);
			inputPaths = (
				"${PODS_PODFILE_DIR_PATH}/Podfile.lock",
				"${PODS_ROOT}/Manifest.lock",
			);
			name = "[CP] Check Pods Manifest.lock";
			outputFileListPaths = (
			);
			outputPaths = (
				"$(DERIVED_FILE_DIR)/Pods-MyRxSwiftDemo-checkManifestLockResult.txt",
			);
			runOnlyForDeploymentPostprocessing = 0;
			shellPath = /bin/sh;
			shellScript = "diff \"${PODS_PODFILE_DIR_PATH}/Podfile.lock\" \"${PODS_ROOT}/Manifest.lock\" > /dev/null\nif [ $? != 0 ] ; then\n    # print error to STDERR\n    echo \"error: The sandbox is not in sync with the Podfile.lock. Run 'pod install' or update your CocoaPods installation.\" >&2\n    exit 1\nfi\n# This output is used by Xcode 'outputs' to avoid re-running this script phase.\necho \"SUCCESS\" > \"${SCRIPT_OUTPUT_FILE_0}\"\n";
			showEnvVarsInLog = 0;
		};
		F1C216028BFDD6F7CBBA2C57 /* [CP] Embed Pods Frameworks */ = {
			isa = PBXShellScriptBuildPhase;
			buildActionMask = 2147483647;
			files = (
			);
			inputFileListPaths = (
				"${PODS_ROOT}/Target Support Files/Pods-MyRxSwiftDemo/Pods-MyRxSwiftDemo-frameworks-${CONFIGURATION}-input-files.xcfilelist",
			);
			name = "[CP] Embed Pods Frameworks";
			outputFileListPaths = (
				"${PODS_ROOT}/Target Support Files/Pods-MyRxSwiftDemo/Pods-MyRxSwiftDemo-frameworks-${CONFIGURATION}-output-files.xcfilelist",
			);
			runOnlyForDeploymentPostprocessing = 0;
			shellPath = /bin/sh;
			shellScript = "\"${PODS_ROOT}/Target Support Files/Pods-MyRxSwiftDemo/Pods-MyRxSwiftDemo-frameworks.sh\"\n";
			showEnvVarsInLog = 0;
		};
/* End PBXShellScriptBuildPhase section */

/* Begin PBXSourcesBuildPhase section */
		A0542B6025344969006CC369 /* Sources */ = {
			isa = PBXSourcesBuildPhase;
			buildActionMask = 2147483647;
			files = (
				A01E827125359AC50026D700 /* View3Controller.swift in Sources */,
				A0542B6C25344969006CC369 /* ViewController.swift in Sources */,
				A01E826C253578460026D700 /* View2Controller.swift in Sources */,
				A01E82762535C1510026D700 /* View4Controller.swift in Sources */,
				A01E8267253570360026D700 /* UMainVC.swift in Sources */,
				A0542B6825344969006CC369 /* AppDelegate.swift in Sources */,
			);
			runOnlyForDeploymentPostprocessing = 0;
		};
		A0542B762534496A006CC369 /* Sources */ = {
			isa = PBXSourcesBuildPhase;
			buildActionMask = 2147483647;
			files = (
				A0542B7F2534496A006CC369 /* MyRxSwiftDemoTests.swift in Sources */,
			);
			runOnlyForDeploymentPostprocessing = 0;
		};
		A0542B812534496A006CC369 /* Sources */ = {
			isa = PBXSourcesBuildPhase;
			buildActionMask = 2147483647;
			files = (
				A0542B8A2534496A006CC369 /* MyRxSwiftDemoUITests.swift in Sources */,
			);
			runOnlyForDeploymentPostprocessing = 0;
		};
/* End PBXSourcesBuildPhase section */

/* Begin PBXTargetDependency section */
		A0542B7C2534496A006CC369 /* PBXTargetDependency */ = {
			isa = PBXTargetDependency;
			target = A0542B6325344969006CC369 /* MyRxSwiftDemo */;
			targetProxy = A0542B7B2534496A006CC369 /* PBXContainerItemProxy */;
		};
		A0542B872534496A006CC369 /* PBXTargetDependency */ = {
			isa = PBXTargetDependency;
			target = A0542B6325344969006CC369 /* MyRxSwiftDemo */;
			targetProxy = A0542B862534496A006CC369 /* PBXContainerItemProxy */;
		};
/* End PBXTargetDependency section */

/* Begin PBXVariantGroup section */
		A0542B6D25344969006CC369 /* Main.storyboard */ = {
			isa = PBXVariantGroup;
			children = (
				A0542B6E25344969006CC369 /* Base */,
			);
			name = Main.storyboard;
			sourceTree = "<group>";
		};
		A0542B722534496A006CC369 /* LaunchScreen.storyboard */ = {
			isa = PBXVariantGroup;
			children = (
				A0542B732534496A006CC369 /* Base */,
			);
			name = LaunchScreen.storyboard;
			sourceTree = "<group>";
		};
/* End PBXVariantGroup section */

/* Begin XCBuildConfiguration section */
		A0542B8C2534496A006CC369 /* Debug */ = {
			isa = XCBuildConfiguration;
			buildSettings = {
				ALWAYS_SEARCH_USER_PATHS = NO;
				CLANG_ANALYZER_NONNULL = YES;
				CLANG_ANALYZER_NUMBER_OBJECT_CONVERSION = YES_AGGRESSIVE;
				CLANG_CXX_LANGUAGE_STANDARD = "gnu++14";
				CLANG_CXX_LIBRARY = "libc++";
				CLANG_ENABLE_MODULES = YES;
				CLANG_ENABLE_OBJC_ARC = YES;
				CLANG_ENABLE_OBJC_WEAK = YES;
				CLANG_WARN_BLOCK_CAPTURE_AUTORELEASING = YES;
				CLANG_WARN_BOOL_CONVERSION = YES;
				CLANG_WARN_COMMA = YES;
				CLANG_WARN_CONSTANT_CONVERSION = YES;
				CLANG_WARN_DEPRECATED_OBJC_IMPLEMENTATIONS = YES;
				CLANG_WARN_DIRECT_OBJC_ISA_USAGE = YES_ERROR;
				CLANG_WARN_DOCUMENTATION_COMMENTS = YES;
				CLANG_WARN_EMPTY_BODY = YES;
				CLANG_WARN_ENUM_CONVERSION = YES;
				CLANG_WARN_INFINITE_RECURSION = YES;
				CLANG_WARN_INT_CONVERSION = YES;
				CLANG_WARN_NON_LITERAL_NULL_CONVERSION = YES;
				CLANG_WARN_OBJC_IMPLICIT_RETAIN_SELF = YES;
				CLANG_WARN_OBJC_LITERAL_CONVERSION = YES;
				CLANG_WARN_OBJC_ROOT_CLASS = YES_ERROR;
				CLANG_WARN_QUOTED_INCLUDE_IN_FRAMEWORK_HEADER = YES;
				CLANG_WARN_RANGE_LOOP_ANALYSIS = YES;
				CLANG_WARN_STRICT_PROTOTYPES = YES;
				CLANG_WARN_SUSPICIOUS_MOVE = YES;
				CLANG_WARN_UNGUARDED_AVAILABILITY = YES_AGGRESSIVE;
				CLANG_WARN_UNREACHABLE_CODE = YES;
				CLANG_WARN__DUPLICATE_METHOD_MATCH = YES;
				COPY_PHASE_STRIP = NO;
				DEBUG_INFORMATION_FORMAT = dwarf;
				ENABLE_STRICT_OBJC_MSGSEND = YES;
				ENABLE_TESTABILITY = YES;
				GCC_C_LANGUAGE_STANDARD = gnu11;
				GCC_DYNAMIC_NO_PIC = NO;
				GCC_NO_COMMON_BLOCKS = YES;
				GCC_OPTIMIZATION_LEVEL = 0;
				GCC_PREPROCESSOR_DEFINITIONS = (
					"DEBUG=1",
					"$(inherited)",
				);
				GCC_WARN_64_TO_32_BIT_CONVERSION = YES;
				GCC_WARN_ABOUT_RETURN_TYPE = YES_ERROR;
				GCC_WARN_UNDECLARED_SELECTOR = YES;
				GCC_WARN_UNINITIALIZED_AUTOS = YES_AGGRESSIVE;
				GCC_WARN_UNUSED_FUNCTION = YES;
				GCC_WARN_UNUSED_VARIABLE = YES;
				IPHONEOS_DEPLOYMENT_TARGET = 14.0;
				MTL_ENABLE_DEBUG_INFO = INCLUDE_SOURCE;
				MTL_FAST_MATH = YES;
				ONLY_ACTIVE_ARCH = YES;
				SDKROOT = iphoneos;
				SWIFT_ACTIVE_COMPILATION_CONDITIONS = DEBUG;
				SWIFT_OPTIMIZATION_LEVEL = "-Onone";
			};
			name = Debug;
		};
		A0542B8D2534496A006CC369 /* Release */ = {
			isa = XCBuildConfiguration;
			buildSettings = {
				ALWAYS_SEARCH_USER_PATHS = NO;
				CLANG_ANALYZER_NONNULL = YES;
				CLANG_ANALYZER_NUMBER_OBJECT_CONVERSION = YES_AGGRESSIVE;
				CLANG_CXX_LANGUAGE_STANDARD = "gnu++14";
				CLANG_CXX_LIBRARY = "libc++";
				CLANG_ENABLE_MODULES = YES;
				CLANG_ENABLE_OBJC_ARC = YES;
				CLANG_ENABLE_OBJC_WEAK = YES;
				CLANG_WARN_BLOCK_CAPTURE_AUTORELEASING = YES;
				CLANG_WARN_BOOL_CONVERSION = YES;
				CLANG_WARN_COMMA = YES;
				CLANG_WARN_CONSTANT_CONVERSION = YES;
				CLANG_WARN_DEPRECATED_OBJC_IMPLEMENTATIONS = YES;
				CLANG_WARN_DIRECT_OBJC_ISA_USAGE = YES_ERROR;
				CLANG_WARN_DOCUMENTATION_COMMENTS = YES;
				CLANG_WARN_EMPTY_BODY = YES;
				CLANG_WARN_ENUM_CONVERSION = YES;
				CLANG_WARN_INFINITE_RECURSION = YES;
				CLANG_WARN_INT_CONVERSION = YES;
				CLANG_WARN_NON_LITERAL_NULL_CONVERSION = YES;
				CLANG_WARN_OBJC_IMPLICIT_RETAIN_SELF = YES;
				CLANG_WARN_OBJC_LITERAL_CONVERSION = YES;
				CLANG_WARN_OBJC_ROOT_CLASS = YES_ERROR;
				CLANG_WARN_QUOTED_INCLUDE_IN_FRAMEWORK_HEADER = YES;
				CLANG_WARN_RANGE_LOOP_ANALYSIS = YES;
				CLANG_WARN_STRICT_PROTOTYPES = YES;
				CLANG_WARN_SUSPICIOUS_MOVE = YES;
				CLANG_WARN_UNGUARDED_AVAILABILITY = YES_AGGRESSIVE;
				CLANG_WARN_UNREACHABLE_CODE = YES;
				CLANG_WARN__DUPLICATE_METHOD_MATCH = YES;
				COPY_PHASE_STRIP = NO;
				DEBUG_INFORMATION_FORMAT = "dwarf-with-dsym";
				ENABLE_NS_ASSERTIONS = NO;
				ENABLE_STRICT_OBJC_MSGSEND = YES;
				GCC_C_LANGUAGE_STANDARD = gnu11;
				GCC_NO_COMMON_BLOCKS = YES;
				GCC_WARN_64_TO_32_BIT_CONVERSION = YES;
				GCC_WARN_ABOUT_RETURN_TYPE = YES_ERROR;
				GCC_WARN_UNDECLARED_SELECTOR = YES;
				GCC_WARN_UNINITIALIZED_AUTOS = YES_AGGRESSIVE;
				GCC_WARN_UNUSED_FUNCTION = YES;
				GCC_WARN_UNUSED_VARIABLE = YES;
				IPHONEOS_DEPLOYMENT_TARGET = 14.0;
				MTL_ENABLE_DEBUG_INFO = NO;
				MTL_FAST_MATH = YES;
				SDKROOT = iphoneos;
				SWIFT_COMPILATION_MODE = wholemodule;
				SWIFT_OPTIMIZATION_LEVEL = "-O";
				VALIDATE_PRODUCT = YES;
			};
			name = Release;
		};
		A0542B8F2534496A006CC369 /* Debug */ = {
			isa = XCBuildConfiguration;
			baseConfigurationReference = F87FD545754D0799E153D444 /* Pods-MyRxSwiftDemo.debug.xcconfig */;
			buildSettings = {
				ASSETCATALOG_COMPILER_APPICON_NAME = AppIcon;
				ASSETCATALOG_COMPILER_GLOBAL_ACCENT_COLOR_NAME = AccentColor;
				CODE_SIGN_STYLE = Automatic;
				DEVELOPMENT_TEAM = Y7L3PHTWXZ;
				INFOPLIST_FILE = MyRxSwiftDemo/Info.plist;
				IPHONEOS_DEPLOYMENT_TARGET = 11.0;
				LD_RUNPATH_SEARCH_PATHS = (
					"$(inherited)",
					"@executable_path/Frameworks",
				);
				PRODUCT_BUNDLE_IDENTIFIER = com.qilongtu.MyRxSwiftDemo;
				PRODUCT_NAME = "$(TARGET_NAME)";
				SWIFT_VERSION = 5.0;
				TARGETED_DEVICE_FAMILY = "1,2";
			};
			name = Debug;
		};
		A0542B902534496A006CC369 /* Release */ = {
			isa = XCBuildConfiguration;
			baseConfigurationReference = E8448C7077677AA2D94F9783 /* Pods-MyRxSwiftDemo.release.xcconfig */;
			buildSettings = {
				ASSETCATALOG_COMPILER_APPICON_NAME = AppIcon;
				ASSETCATALOG_COMPILER_GLOBAL_ACCENT_COLOR_NAME = AccentColor;
				CODE_SIGN_STYLE = Automatic;
				DEVELOPMENT_TEAM = Y7L3PHTWXZ;
				INFOPLIST_FILE = MyRxSwiftDemo/Info.plist;
				IPHONEOS_DEPLOYMENT_TARGET = 11.0;
				LD_RUNPATH_SEARCH_PATHS = (
					"$(inherited)",
					"@executable_path/Frameworks",
				);
				PRODUCT_BUNDLE_IDENTIFIER = com.qilongtu.MyRxSwiftDemo;
				PRODUCT_NAME = "$(TARGET_NAME)";
				SWIFT_VERSION = 5.0;
				TARGETED_DEVICE_FAMILY = "1,2";
			};
			name = Release;
		};
		A0542B922534496A006CC369 /* Debug */ = {
			isa = XCBuildConfiguration;
			buildSettings = {
				ALWAYS_EMBED_SWIFT_STANDARD_LIBRARIES = YES;
				BUNDLE_LOADER = "$(TEST_HOST)";
				CODE_SIGN_STYLE = Automatic;
				DEVELOPMENT_TEAM = Y7L3PHTWXZ;
				INFOPLIST_FILE = MyRxSwiftDemoTests/Info.plist;
				IPHONEOS_DEPLOYMENT_TARGET = 14.0;
				LD_RUNPATH_SEARCH_PATHS = (
					"$(inherited)",
					"@executable_path/Frameworks",
					"@loader_path/Frameworks",
				);
				PRODUCT_BUNDLE_IDENTIFIER = com.qilongtu.MyRxSwiftDemoTests;
				PRODUCT_NAME = "$(TARGET_NAME)";
				SWIFT_VERSION = 5.0;
				TARGETED_DEVICE_FAMILY = "1,2";
				TEST_HOST = "$(BUILT_PRODUCTS_DIR)/MyRxSwiftDemo.app/MyRxSwiftDemo";
			};
			name = Debug;
		};
		A0542B932534496A006CC369 /* Release */ = {
			isa = XCBuildConfiguration;
			buildSettings = {
				ALWAYS_EMBED_SWIFT_STANDARD_LIBRARIES = YES;
				BUNDLE_LOADER = "$(TEST_HOST)";
				CODE_SIGN_STYLE = Automatic;
				DEVELOPMENT_TEAM = Y7L3PHTWXZ;
				INFOPLIST_FILE = MyRxSwiftDemoTests/Info.plist;
				IPHONEOS_DEPLOYMENT_TARGET = 14.0;
				LD_RUNPATH_SEARCH_PATHS = (
					"$(inherited)",
					"@executable_path/Frameworks",
					"@loader_path/Frameworks",
				);
				PRODUCT_BUNDLE_IDENTIFIER = com.qilongtu.MyRxSwiftDemoTests;
				PRODUCT_NAME = "$(TARGET_NAME)";
				SWIFT_VERSION = 5.0;
				TARGETED_DEVICE_FAMILY = "1,2";
				TEST_HOST = "$(BUILT_PRODUCTS_DIR)/MyRxSwiftDemo.app/MyRxSwiftDemo";
			};
			name = Release;
		};
		A0542B952534496A006CC369 /* Debug */ = {
			isa = XCBuildConfiguration;
			buildSettings = {
				ALWAYS_EMBED_SWIFT_STANDARD_LIBRARIES = YES;
				CODE_SIGN_STYLE = Automatic;
				DEVELOPMENT_TEAM = Y7L3PHTWXZ;
				INFOPLIST_FILE = MyRxSwiftDemoUITests/Info.plist;
				LD_RUNPATH_SEARCH_PATHS = (
					"$(inherited)",
					"@executable_path/Frameworks",
					"@loader_path/Frameworks",
				);
				PRODUCT_BUNDLE_IDENTIFIER = com.qilongtu.MyRxSwiftDemoUITests;
				PRODUCT_NAME = "$(TARGET_NAME)";
				SWIFT_VERSION = 5.0;
				TARGETED_DEVICE_FAMILY = "1,2";
				TEST_TARGET_NAME = MyRxSwiftDemo;
			};
			name = Debug;
		};
		A0542B962534496A006CC369 /* Release */ = {
			isa = XCBuildConfiguration;
			buildSettings = {
				ALWAYS_EMBED_SWIFT_STANDARD_LIBRARIES = YES;
				CODE_SIGN_STYLE = Automatic;
				DEVELOPMENT_TEAM = Y7L3PHTWXZ;
				INFOPLIST_FILE = MyRxSwiftDemoUITests/Info.plist;
				LD_RUNPATH_SEARCH_PATHS = (
					"$(inherited)",
					"@executable_path/Frameworks",
					"@loader_path/Frameworks",
				);
				PRODUCT_BUNDLE_IDENTIFIER = com.qilongtu.MyRxSwiftDemoUITests;
				PRODUCT_NAME = "$(TARGET_NAME)";
				SWIFT_VERSION = 5.0;
				TARGETED_DEVICE_FAMILY = "1,2";
				TEST_TARGET_NAME = MyRxSwiftDemo;
			};
			name = Release;
		};
/* End XCBuildConfiguration section */

/* Begin XCConfigurationList section */
		A0542B5F25344969006CC369 /* Build configuration list for PBXProject "MyRxSwiftDemo" */ = {
			isa = XCConfigurationList;
			buildConfigurations = (
				A0542B8C2534496A006CC369 /* Debug */,
				A0542B8D2534496A006CC369 /* Release */,
			);
			defaultConfigurationIsVisible = 0;
			defaultConfigurationName = Release;
		};
		A0542B8E2534496A006CC369 /* Build configuration list for PBXNativeTarget "MyRxSwiftDemo" */ = {
			isa = XCConfigurationList;
			buildConfigurations = (
				A0542B8F2534496A006CC369 /* Debug */,
				A0542B902534496A006CC369 /* Release */,
			);
			defaultConfigurationIsVisible = 0;
			defaultConfigurationName = Release;
		};
		A0542B912534496A006CC369 /* Build configuration list for PBXNativeTarget "MyRxSwiftDemoTests" */ = {
			isa = XCConfigurationList;
			buildConfigurations = (
				A0542B922534496A006CC369 /* Debug */,
				A0542B932534496A006CC369 /* Release */,
			);
			defaultConfigurationIsVisible = 0;
			defaultConfigurationName = Release;
		};
		A0542B942534496A006CC369 /* Build configuration list for PBXNativeTarget "MyRxSwiftDemoUITests" */ = {
			isa = XCConfigurationList;
			buildConfigurations = (
				A0542B952534496A006CC369 /* Debug */,
				A0542B962534496A006CC369 /* Release */,
			);
			defaultConfigurationIsVisible = 0;
			defaultConfigurationName = Release;
		};
/* End XCConfigurationList section */
	};
	rootObject = A0542B5C25344969006CC369 /* Project object */;
}
